// !$*UTF8*$!
{
	archiveVersion = 1;
	classes = {
	};
	objectVersion = 55;
	objects = {

/* Begin PBXBuildFile section */
		B813F96E2833192A00E3A32C /* GoogleService-Info.plist in Resources */ = {isa = PBXBuildFile; fileRef = B813F96D2833192A00E3A32C /* GoogleService-Info.plist */; };
		DD3B459928305AB1001D54AD /* AppDelegate.swift in Sources */ = {isa = PBXBuildFile; fileRef = DD3B459828305AB1001D54AD /* AppDelegate.swift */; };
		DD3B459B28305AB1001D54AD /* SceneDelegate.swift in Sources */ = {isa = PBXBuildFile; fileRef = DD3B459A28305AB1001D54AD /* SceneDelegate.swift */; };
		DD3B459D28305AB1001D54AD /* LoginViewController.swift in Sources */ = {isa = PBXBuildFile; fileRef = DD3B459C28305AB1001D54AD /* LoginViewController.swift */; };
		DD3B45A028305AB1001D54AD /* LoginSignUpView.storyboard in Resources */ = {isa = PBXBuildFile; fileRef = DD3B459E28305AB1001D54AD /* LoginSignUpView.storyboard */; };
		DD3B45A228305AB5001D54AD /* Assets.xcassets in Resources */ = {isa = PBXBuildFile; fileRef = DD3B45A128305AB5001D54AD /* Assets.xcassets */; };
		DD3B45A528305AB5001D54AD /* LaunchScreen.storyboard in Resources */ = {isa = PBXBuildFile; fileRef = DD3B45A328305AB5001D54AD /* LaunchScreen.storyboard */; };
		DDCD4149283416A3002969A8 /* Pods_Petwork.framework in Frameworks */ = {isa = PBXBuildFile; fileRef = 7860B45158727228AE8C8D41 /* Pods_Petwork.framework */; };
		DDCD414D28341983002969A8 /* SignUpViewController.swift in Sources */ = {isa = PBXBuildFile; fileRef = DDCD414C28341983002969A8 /* SignUpViewController.swift */; };
		DDCD4159283ED584002969A8 /* Main.storyboard in Resources */ = {isa = PBXBuildFile; fileRef = DDCD4158283ED584002969A8 /* Main.storyboard */; };
		DDCD415B283ED73A002969A8 /* SearchViewController.swift in Sources */ = {isa = PBXBuildFile; fileRef = DDCD415A283ED73A002969A8 /* SearchViewController.swift */; };
		DDCD415D283F19AF002969A8 /* ResultsViewController.swift in Sources */ = {isa = PBXBuildFile; fileRef = DDCD415C283F19AF002969A8 /* ResultsViewController.swift */; };
		DDCD415F283F19E2002969A8 /* HomeViewController.swift in Sources */ = {isa = PBXBuildFile; fileRef = DDCD415E283F19E2002969A8 /* HomeViewController.swift */; };
		DDCD4161283F2EF2002969A8 /* MyPageViewController.swift in Sources */ = {isa = PBXBuildFile; fileRef = DDCD4160283F2EF2002969A8 /* MyPageViewController.swift */; };
		DDCD4163283F2F03002969A8 /* UploadViewController.swift in Sources */ = {isa = PBXBuildFile; fileRef = DDCD4162283F2F03002969A8 /* UploadViewController.swift */; };
		DDCD416A284583AE002969A8 /* ResultCollectionViewCell.swift in Sources */ = {isa = PBXBuildFile; fileRef = DDCD4168284583AE002969A8 /* ResultCollectionViewCell.swift */; };
		DDCD416B284583AE002969A8 /* ResultCollectionViewCell.xib in Resources */ = {isa = PBXBuildFile; fileRef = DDCD4169284583AE002969A8 /* ResultCollectionViewCell.xib */; };
		DDCD416F2846D8CF002969A8 /* SetProfileViewController.swift in Sources */ = {isa = PBXBuildFile; fileRef = DDCD416E2846D8CF002969A8 /* SetProfileViewController.swift */; };
		DDCD41712846DF5E002969A8 /* CircularImageView.swift in Sources */ = {isa = PBXBuildFile; fileRef = DDCD41702846DF5E002969A8 /* CircularImageView.swift */; };
/* End PBXBuildFile section */

/* Begin PBXFileReference section */
		4D0B0106A8D53AA6EA105520 /* Pods-Petwork.debug.xcconfig */ = {isa = PBXFileReference; includeInIndex = 1; lastKnownFileType = text.xcconfig; name = "Pods-Petwork.debug.xcconfig"; path = "Target Support Files/Pods-Petwork/Pods-Petwork.debug.xcconfig"; sourceTree = "<group>"; };
		7860B45158727228AE8C8D41 /* Pods_Petwork.framework */ = {isa = PBXFileReference; explicitFileType = wrapper.framework; includeInIndex = 0; path = Pods_Petwork.framework; sourceTree = BUILT_PRODUCTS_DIR; };
		B813F96D2833192A00E3A32C /* GoogleService-Info.plist */ = {isa = PBXFileReference; fileEncoding = 4; lastKnownFileType = text.plist.xml; path = "GoogleService-Info.plist"; sourceTree = "<group>"; };
		DD3B459528305AB1001D54AD /* Petwork.app */ = {isa = PBXFileReference; explicitFileType = wrapper.application; includeInIndex = 0; path = Petwork.app; sourceTree = BUILT_PRODUCTS_DIR; };
		DD3B459828305AB1001D54AD /* AppDelegate.swift */ = {isa = PBXFileReference; lastKnownFileType = sourcecode.swift; path = AppDelegate.swift; sourceTree = "<group>"; };
		DD3B459A28305AB1001D54AD /* SceneDelegate.swift */ = {isa = PBXFileReference; lastKnownFileType = sourcecode.swift; path = SceneDelegate.swift; sourceTree = "<group>"; };
		DD3B459C28305AB1001D54AD /* LoginViewController.swift */ = {isa = PBXFileReference; lastKnownFileType = sourcecode.swift; path = LoginViewController.swift; sourceTree = "<group>"; };
		DD3B459F28305AB1001D54AD /* Base */ = {isa = PBXFileReference; lastKnownFileType = file.storyboard; name = Base; path = Base.lproj/LoginSignUpView.storyboard; sourceTree = "<group>"; };
		DD3B45A128305AB5001D54AD /* Assets.xcassets */ = {isa = PBXFileReference; lastKnownFileType = folder.assetcatalog; path = Assets.xcassets; sourceTree = "<group>"; };
		DD3B45A428305AB5001D54AD /* Base */ = {isa = PBXFileReference; lastKnownFileType = file.storyboard; name = Base; path = Base.lproj/LaunchScreen.storyboard; sourceTree = "<group>"; };
		DD3B45A628305AB5001D54AD /* Info.plist */ = {isa = PBXFileReference; lastKnownFileType = text.plist.xml; path = Info.plist; sourceTree = "<group>"; };
		DDCD414C28341983002969A8 /* SignUpViewController.swift */ = {isa = PBXFileReference; lastKnownFileType = sourcecode.swift; path = SignUpViewController.swift; sourceTree = "<group>"; };
		DDCD4158283ED584002969A8 /* Main.storyboard */ = {isa = PBXFileReference; lastKnownFileType = file.storyboard; path = Main.storyboard; sourceTree = "<group>"; };
		DDCD415A283ED73A002969A8 /* SearchViewController.swift */ = {isa = PBXFileReference; lastKnownFileType = sourcecode.swift; path = SearchViewController.swift; sourceTree = "<group>"; };
		DDCD415C283F19AF002969A8 /* ResultsViewController.swift */ = {isa = PBXFileReference; lastKnownFileType = sourcecode.swift; path = ResultsViewController.swift; sourceTree = "<group>"; };
		DDCD415E283F19E2002969A8 /* HomeViewController.swift */ = {isa = PBXFileReference; lastKnownFileType = sourcecode.swift; path = HomeViewController.swift; sourceTree = "<group>"; };
		DDCD4160283F2EF2002969A8 /* MyPageViewController.swift */ = {isa = PBXFileReference; lastKnownFileType = sourcecode.swift; path = MyPageViewController.swift; sourceTree = "<group>"; };
		DDCD4162283F2F03002969A8 /* UploadViewController.swift */ = {isa = PBXFileReference; lastKnownFileType = sourcecode.swift; path = UploadViewController.swift; sourceTree = "<group>"; };
		DDCD4168284583AE002969A8 /* ResultCollectionViewCell.swift */ = {isa = PBXFileReference; lastKnownFileType = sourcecode.swift; path = ResultCollectionViewCell.swift; sourceTree = "<group>"; };
		DDCD4169284583AE002969A8 /* ResultCollectionViewCell.xib */ = {isa = PBXFileReference; lastKnownFileType = file.xib; path = ResultCollectionViewCell.xib; sourceTree = "<group>"; };
		DDCD416E2846D8CF002969A8 /* SetProfileViewController.swift */ = {isa = PBXFileReference; lastKnownFileType = sourcecode.swift; path = SetProfileViewController.swift; sourceTree = "<group>"; };
		DDCD41702846DF5E002969A8 /* CircularImageView.swift */ = {isa = PBXFileReference; lastKnownFileType = sourcecode.swift; path = CircularImageView.swift; sourceTree = "<group>"; };
		F7FE30D4CA74398711025101 /* Pods-Petwork.release.xcconfig */ = {isa = PBXFileReference; includeInIndex = 1; lastKnownFileType = text.xcconfig; name = "Pods-Petwork.release.xcconfig"; path = "Target Support Files/Pods-Petwork/Pods-Petwork.release.xcconfig"; sourceTree = "<group>"; };
/* End PBXFileReference section */

/* Begin PBXFrameworksBuildPhase section */
		DD3B459228305AB1001D54AD /* Frameworks */ = {
			isa = PBXFrameworksBuildPhase;
			buildActionMask = 2147483647;
			files = (
				DDCD4149283416A3002969A8 /* Pods_Petwork.framework in Frameworks */,
			);
			runOnlyForDeploymentPostprocessing = 0;
		};
/* End PBXFrameworksBuildPhase section */

/* Begin PBXGroup section */
		4E4AF461AB72684BF6AFC4DF /* Pods */ = {
			isa = PBXGroup;
			children = (
				4D0B0106A8D53AA6EA105520 /* Pods-Petwork.debug.xcconfig */,
				F7FE30D4CA74398711025101 /* Pods-Petwork.release.xcconfig */,
			);
			path = Pods;
			sourceTree = "<group>";
		};
		806BE855963E7E7F2A8BB1D0 /* Frameworks */ = {
			isa = PBXGroup;
			children = (
				7860B45158727228AE8C8D41 /* Pods_Petwork.framework */,
			);
			name = Frameworks;
			sourceTree = "<group>";
		};
		DD3B458C28305AB1001D54AD = {
			isa = PBXGroup;
			children = (
				DD3B459728305AB1001D54AD /* Petwork */,
				DD3B459628305AB1001D54AD /* Products */,
				4E4AF461AB72684BF6AFC4DF /* Pods */,
				806BE855963E7E7F2A8BB1D0 /* Frameworks */,
			);
			sourceTree = "<group>";
		};
		DD3B459628305AB1001D54AD /* Products */ = {
			isa = PBXGroup;
			children = (
				DD3B459528305AB1001D54AD /* Petwork.app */,
			);
			name = Products;
			sourceTree = "<group>";
		};
		DD3B459728305AB1001D54AD /* Petwork */ = {
			isa = PBXGroup;
			children = (
				DD3B459828305AB1001D54AD /* AppDelegate.swift */,
				DD3B459A28305AB1001D54AD /* SceneDelegate.swift */,
				DDCD414E2834199D002969A8 /* Controllers */,
				DDCD414F283419AF002969A8 /* Views */,
				DD3B45A128305AB5001D54AD /* Assets.xcassets */,
				DD3B45A628305AB5001D54AD /* Info.plist */,
				B813F96D2833192A00E3A32C /* GoogleService-Info.plist */,
			);
			path = Petwork;
			sourceTree = "<group>";
		};
		DDCD414E2834199D002969A8 /* Controllers */ = {
			isa = PBXGroup;
			children = (
				DD3B459C28305AB1001D54AD /* LoginViewController.swift */,
				DDCD414C28341983002969A8 /* SignUpViewController.swift */,
				DDCD415A283ED73A002969A8 /* SearchViewController.swift */,
				DDCD415C283F19AF002969A8 /* ResultsViewController.swift */,
				DDCD415E283F19E2002969A8 /* HomeViewController.swift */,
				DDCD4160283F2EF2002969A8 /* MyPageViewController.swift */,
				DDCD4162283F2F03002969A8 /* UploadViewController.swift */,
				DDCD416E2846D8CF002969A8 /* SetProfileViewController.swift */,
				DDCD41702846DF5E002969A8 /* CircularImageView.swift */,
			);
			path = Controllers;
			sourceTree = "<group>";
		};
		DDCD414F283419AF002969A8 /* Views */ = {
			isa = PBXGroup;
			children = (
				DD3B459E28305AB1001D54AD /* LoginSignUpView.storyboard */,
				DD3B45A328305AB5001D54AD /* LaunchScreen.storyboard */,
				DDCD4158283ED584002969A8 /* Main.storyboard */,
				DDCD4168284583AE002969A8 /* ResultCollectionViewCell.swift */,
				DDCD4169284583AE002969A8 /* ResultCollectionViewCell.xib */,
			);
			path = Views;
			sourceTree = "<group>";
		};
/* End PBXGroup section */

/* Begin PBXNativeTarget section */
		DD3B459428305AB1001D54AD /* Petwork */ = {
			isa = PBXNativeTarget;
			buildConfigurationList = DD3B45A928305AB5001D54AD /* Build configuration list for PBXNativeTarget "Petwork" */;
			buildPhases = (
				CE413B9A474B1EE9412670B4 /* [CP] Check Pods Manifest.lock */,
				DD3B459128305AB1001D54AD /* Sources */,
				DD3B459228305AB1001D54AD /* Frameworks */,
				DD3B459328305AB1001D54AD /* Resources */,
				D83DA503FF96844333683BD1 /* [CP] Embed Pods Frameworks */,
			);
			buildRules = (
			);
			dependencies = (
			);
			name = Petwork;
			productName = Petwork;
			productReference = DD3B459528305AB1001D54AD /* Petwork.app */;
			productType = "com.apple.product-type.application";
		};
/* End PBXNativeTarget section */

/* Begin PBXProject section */
		DD3B458D28305AB1001D54AD /* Project object */ = {
			isa = PBXProject;
			attributes = {
				BuildIndependentTargetsInParallel = 1;
				LastSwiftUpdateCheck = 1330;
				LastUpgradeCheck = 1330;
				TargetAttributes = {
					DD3B459428305AB1001D54AD = {
						CreatedOnToolsVersion = 13.3.1;
					};
				};
			};
			buildConfigurationList = DD3B459028305AB1001D54AD /* Build configuration list for PBXProject "Petwork" */;
			compatibilityVersion = "Xcode 13.0";
			developmentRegion = en;
			hasScannedForEncodings = 0;
			knownRegions = (
				en,
				Base,
			);
			mainGroup = DD3B458C28305AB1001D54AD;
			productRefGroup = DD3B459628305AB1001D54AD /* Products */;
			projectDirPath = "";
			projectRoot = "";
			targets = (
				DD3B459428305AB1001D54AD /* Petwork */,
			);
		};
/* End PBXProject section */

/* Begin PBXResourcesBuildPhase section */
		DD3B459328305AB1001D54AD /* Resources */ = {
			isa = PBXResourcesBuildPhase;
			buildActionMask = 2147483647;
			files = (
				DD3B45A528305AB5001D54AD /* LaunchScreen.storyboard in Resources */,
				DDCD416B284583AE002969A8 /* ResultCollectionViewCell.xib in Resources */,
				DD3B45A228305AB5001D54AD /* Assets.xcassets in Resources */,
				DDCD4159283ED584002969A8 /* Main.storyboard in Resources */,
				B813F96E2833192A00E3A32C /* GoogleService-Info.plist in Resources */,
				DD3B45A028305AB1001D54AD /* LoginSignUpView.storyboard in Resources */,
			);
			runOnlyForDeploymentPostprocessing = 0;
		};
/* End PBXResourcesBuildPhase section */

/* Begin PBXShellScriptBuildPhase section */
		CE413B9A474B1EE9412670B4 /* [CP] Check Pods Manifest.lock */ = {
			isa = PBXShellScriptBuildPhase;
			buildActionMask = 2147483647;
			files = (
			);
			inputFileListPaths = (
			);
			inputPaths = (
				"${PODS_PODFILE_DIR_PATH}/Podfile.lock",
				"${PODS_ROOT}/Manifest.lock",
			);
			name = "[CP] Check Pods Manifest.lock";
			outputFileListPaths = (
			);
			outputPaths = (
				"$(DERIVED_FILE_DIR)/Pods-Petwork-checkManifestLockResult.txt",
			);
			runOnlyForDeploymentPostprocessing = 0;
			shellPath = /bin/sh;
			shellScript = "diff \"${PODS_PODFILE_DIR_PATH}/Podfile.lock\" \"${PODS_ROOT}/Manifest.lock\" > /dev/null\nif [ $? != 0 ] ; then\n    # print error to STDERR\n    echo \"error: The sandbox is not in sync with the Podfile.lock. Run 'pod install' or update your CocoaPods installation.\" >&2\n    exit 1\nfi\n# This output is used by Xcode 'outputs' to avoid re-running this script phase.\necho \"SUCCESS\" > \"${SCRIPT_OUTPUT_FILE_0}\"\n";
			showEnvVarsInLog = 0;
		};
		D83DA503FF96844333683BD1 /* [CP] Embed Pods Frameworks */ = {
			isa = PBXShellScriptBuildPhase;
			buildActionMask = 2147483647;
			files = (
			);
			inputFileListPaths = (
				"${PODS_ROOT}/Target Support Files/Pods-Petwork/Pods-Petwork-frameworks-${CONFIGURATION}-input-files.xcfilelist",
			);
			name = "[CP] Embed Pods Frameworks";
			outputFileListPaths = (
				"${PODS_ROOT}/Target Support Files/Pods-Petwork/Pods-Petwork-frameworks-${CONFIGURATION}-output-files.xcfilelist",
			);
			runOnlyForDeploymentPostprocessing = 0;
			shellPath = /bin/sh;
			shellScript = "\"${PODS_ROOT}/Target Support Files/Pods-Petwork/Pods-Petwork-frameworks.sh\"\n";
			showEnvVarsInLog = 0;
		};
/* End PBXShellScriptBuildPhase section */

/* Begin PBXSourcesBuildPhase section */
		DD3B459128305AB1001D54AD /* Sources */ = {
			isa = PBXSourcesBuildPhase;
			buildActionMask = 2147483647;
			files = (
				DDCD415B283ED73A002969A8 /* SearchViewController.swift in Sources */,
				DDCD41712846DF5E002969A8 /* CircularImageView.swift in Sources */,
				DD3B459D28305AB1001D54AD /* LoginViewController.swift in Sources */,
				DD3B459928305AB1001D54AD /* AppDelegate.swift in Sources */,
				DDCD414D28341983002969A8 /* SignUpViewController.swift in Sources */,
				DDCD4163283F2F03002969A8 /* UploadViewController.swift in Sources */,
				DD3B459B28305AB1001D54AD /* SceneDelegate.swift in Sources */,
				DDCD415F283F19E2002969A8 /* HomeViewController.swift in Sources */,
				DDCD415D283F19AF002969A8 /* ResultsViewController.swift in Sources */,
				DDCD416F2846D8CF002969A8 /* SetProfileViewController.swift in Sources */,
				DDCD4161283F2EF2002969A8 /* MyPageViewController.swift in Sources */,
				DDCD416A284583AE002969A8 /* ResultCollectionViewCell.swift in Sources */,
			);
			runOnlyForDeploymentPostprocessing = 0;
		};
/* End PBXSourcesBuildPhase section */

/* Begin PBXVariantGroup section */
		DD3B459E28305AB1001D54AD /* LoginSignUpView.storyboard */ = {
			isa = PBXVariantGroup;
			children = (
				DD3B459F28305AB1001D54AD /* Base */,
			);
			name = LoginSignUpView.storyboard;
			sourceTree = "<group>";
		};
		DD3B45A328305AB5001D54AD /* LaunchScreen.storyboard */ = {
			isa = PBXVariantGroup;
			children = (
				DD3B45A428305AB5001D54AD /* Base */,
			);
			name = LaunchScreen.storyboard;
			sourceTree = "<group>";
		};
/* End PBXVariantGroup section */

/* Begin XCBuildConfiguration section */
		DD3B45A728305AB5001D54AD /* Debug */ = {
			isa = XCBuildConfiguration;
			buildSettings = {
				ALWAYS_SEARCH_USER_PATHS = NO;
				CLANG_ANALYZER_NONNULL = YES;
				CLANG_ANALYZER_NUMBER_OBJECT_CONVERSION = YES_AGGRESSIVE;
				CLANG_CXX_LANGUAGE_STANDARD = "gnu++17";
				CLANG_ENABLE_MODULES = YES;
				CLANG_ENABLE_OBJC_ARC = YES;
				CLANG_ENABLE_OBJC_WEAK = YES;
				CLANG_WARN_BLOCK_CAPTURE_AUTORELEASING = YES;
				CLANG_WARN_BOOL_CONVERSION = YES;
				CLANG_WARN_COMMA = YES;
				CLANG_WARN_CONSTANT_CONVERSION = YES;
				CLANG_WARN_DEPRECATED_OBJC_IMPLEMENTATIONS = YES;
				CLANG_WARN_DIRECT_OBJC_ISA_USAGE = YES_ERROR;
				CLANG_WARN_DOCUMENTATION_COMMENTS = YES;
				CLANG_WARN_EMPTY_BODY = YES;
				CLANG_WARN_ENUM_CONVERSION = YES;
				CLANG_WARN_INFINITE_RECURSION = YES;
				CLANG_WARN_INT_CONVERSION = YES;
				CLANG_WARN_NON_LITERAL_NULL_CONVERSION = YES;
				CLANG_WARN_OBJC_IMPLICIT_RETAIN_SELF = YES;
				CLANG_WARN_OBJC_LITERAL_CONVERSION = YES;
				CLANG_WARN_OBJC_ROOT_CLASS = YES_ERROR;
				CLANG_WARN_QUOTED_INCLUDE_IN_FRAMEWORK_HEADER = YES;
				CLANG_WARN_RANGE_LOOP_ANALYSIS = YES;
				CLANG_WARN_STRICT_PROTOTYPES = YES;
				CLANG_WARN_SUSPICIOUS_MOVE = YES;
				CLANG_WARN_UNGUARDED_AVAILABILITY = YES_AGGRESSIVE;
				CLANG_WARN_UNREACHABLE_CODE = YES;
				CLANG_WARN__DUPLICATE_METHOD_MATCH = YES;
				COPY_PHASE_STRIP = NO;
				DEBUG_INFORMATION_FORMAT = dwarf;
				ENABLE_STRICT_OBJC_MSGSEND = YES;
				ENABLE_TESTABILITY = YES;
				GCC_C_LANGUAGE_STANDARD = gnu11;
				GCC_DYNAMIC_NO_PIC = NO;
				GCC_NO_COMMON_BLOCKS = YES;
				GCC_OPTIMIZATION_LEVEL = 0;
				GCC_PREPROCESSOR_DEFINITIONS = (
					"DEBUG=1",
					"$(inherited)",
				);
				GCC_WARN_64_TO_32_BIT_CONVERSION = YES;
				GCC_WARN_ABOUT_RETURN_TYPE = YES_ERROR;
				GCC_WARN_UNDECLARED_SELECTOR = YES;
				GCC_WARN_UNINITIALIZED_AUTOS = YES_AGGRESSIVE;
				GCC_WARN_UNUSED_FUNCTION = YES;
				GCC_WARN_UNUSED_VARIABLE = YES;
				IPHONEOS_DEPLOYMENT_TARGET = 15.2;
				MTL_ENABLE_DEBUG_INFO = INCLUDE_SOURCE;
				MTL_FAST_MATH = YES;
				ONLY_ACTIVE_ARCH = YES;
				SDKROOT = iphoneos;
				SWIFT_ACTIVE_COMPILATION_CONDITIONS = DEBUG;
				SWIFT_OPTIMIZATION_LEVEL = "-Onone";
			};
			name = Debug;
		};
		DD3B45A828305AB5001D54AD /* Release */ = {
			isa = XCBuildConfiguration;
			buildSettings = {
				ALWAYS_SEARCH_USER_PATHS = NO;
				CLANG_ANALYZER_NONNULL = YES;
				CLANG_ANALYZER_NUMBER_OBJECT_CONVERSION = YES_AGGRESSIVE;
				CLANG_CXX_LANGUAGE_STANDARD = "gnu++17";
				CLANG_ENABLE_MODULES = YES;
				CLANG_ENABLE_OBJC_ARC = YES;
				CLANG_ENABLE_OBJC_WEAK = YES;
				CLANG_WARN_BLOCK_CAPTURE_AUTORELEASING = YES;
				CLANG_WARN_BOOL_CONVERSION = YES;
				CLANG_WARN_COMMA = YES;
				CLANG_WARN_CONSTANT_CONVERSION = YES;
				CLANG_WARN_DEPRECATED_OBJC_IMPLEMENTATIONS = YES;
				CLANG_WARN_DIRECT_OBJC_ISA_USAGE = YES_ERROR;
				CLANG_WARN_DOCUMENTATION_COMMENTS = YES;
				CLANG_WARN_EMPTY_BODY = YES;
				CLANG_WARN_ENUM_CONVERSION = YES;
				CLANG_WARN_INFINITE_RECURSION = YES;
				CLANG_WARN_INT_CONVERSION = YES;
				CLANG_WARN_NON_LITERAL_NULL_CONVERSION = YES;
				CLANG_WARN_OBJC_IMPLICIT_RETAIN_SELF = YES;
				CLANG_WARN_OBJC_LITERAL_CONVERSION = YES;
				CLANG_WARN_OBJC_ROOT_CLASS = YES_ERROR;
				CLANG_WARN_QUOTED_INCLUDE_IN_FRAMEWORK_HEADER = YES;
				CLANG_WARN_RANGE_LOOP_ANALYSIS = YES;
				CLANG_WARN_STRICT_PROTOTYPES = YES;
				CLANG_WARN_SUSPICIOUS_MOVE = YES;
				CLANG_WARN_UNGUARDED_AVAILABILITY = YES_AGGRESSIVE;
				CLANG_WARN_UNREACHABLE_CODE = YES;
				CLANG_WARN__DUPLICATE_METHOD_MATCH = YES;
				COPY_PHASE_STRIP = NO;
				DEBUG_INFORMATION_FORMAT = "dwarf-with-dsym";
				ENABLE_NS_ASSERTIONS = NO;
				ENABLE_STRICT_OBJC_MSGSEND = YES;
				GCC_C_LANGUAGE_STANDARD = gnu11;
				GCC_NO_COMMON_BLOCKS = YES;
				GCC_WARN_64_TO_32_BIT_CONVERSION = YES;
				GCC_WARN_ABOUT_RETURN_TYPE = YES_ERROR;
				GCC_WARN_UNDECLARED_SELECTOR = YES;
				GCC_WARN_UNINITIALIZED_AUTOS = YES_AGGRESSIVE;
				GCC_WARN_UNUSED_FUNCTION = YES;
				GCC_WARN_UNUSED_VARIABLE = YES;
				IPHONEOS_DEPLOYMENT_TARGET = 15.2;
				MTL_ENABLE_DEBUG_INFO = NO;
				MTL_FAST_MATH = YES;
				SDKROOT = iphoneos;
				SWIFT_COMPILATION_MODE = wholemodule;
				SWIFT_OPTIMIZATION_LEVEL = "-O";
				VALIDATE_PRODUCT = YES;
			};
			name = Release;
		};
		DD3B45AA28305AB5001D54AD /* Debug */ = {
			isa = XCBuildConfiguration;
			baseConfigurationReference = 4D0B0106A8D53AA6EA105520 /* Pods-Petwork.debug.xcconfig */;
			buildSettings = {
				ASSETCATALOG_COMPILER_APPICON_NAME = AppIcon;
				ASSETCATALOG_COMPILER_GLOBAL_ACCENT_COLOR_NAME = AccentColor;
				CODE_SIGN_STYLE = Automatic;
				CURRENT_PROJECT_VERSION = 1;
				DEVELOPMENT_TEAM = "";
				GENERATE_INFOPLIST_FILE = YES;
				INFOPLIST_FILE = Petwork/Info.plist;
				INFOPLIST_KEY_UIApplicationSupportsIndirectInputEvents = YES;
				INFOPLIST_KEY_UILaunchStoryboardName = LaunchScreen;
				INFOPLIST_KEY_UIMainStoryboardFile = LoginSignUpView;
				INFOPLIST_KEY_UISupportedInterfaceOrientations_iPad = "UIInterfaceOrientationPortrait UIInterfaceOrientationPortraitUpsideDown UIInterfaceOrientationLandscapeLeft UIInterfaceOrientationLandscapeRight";
				INFOPLIST_KEY_UISupportedInterfaceOrientations_iPhone = "UIInterfaceOrientationPortrait UIInterfaceOrientationLandscapeLeft UIInterfaceOrientationLandscapeRight";
				LD_RUNPATH_SEARCH_PATHS = (
					"$(inherited)",
					"@executable_path/Frameworks",
				);
				MARKETING_VERSION = 1.0;
				PRODUCT_BUNDLE_IDENTIFIER = com.Iksang.Petwork;
				PRODUCT_NAME = "$(TARGET_NAME)";
				SWIFT_EMIT_LOC_STRINGS = YES;
				SWIFT_VERSION = 5.0;
				TARGETED_DEVICE_FAMILY = "1,2";
			};
			name = Debug;
		};
		DD3B45AB28305AB5001D54AD /* Release */ = {
			isa = XCBuildConfiguration;
			baseConfigurationReference = F7FE30D4CA74398711025101 /* Pods-Petwork.release.xcconfig */;
			buildSettings = {
				ASSETCATALOG_COMPILER_APPICON_NAME = AppIcon;
				ASSETCATALOG_COMPILER_GLOBAL_ACCENT_COLOR_NAME = AccentColor;
				CODE_SIGN_STYLE = Automatic;
				CURRENT_PROJECT_VERSION = 1;
				DEVELOPMENT_TEAM = "";
				GENERATE_INFOPLIST_FILE = YES;
				INFOPLIST_FILE = Petwork/Info.plist;
				INFOPLIST_KEY_UIApplicationSupportsIndirectInputEvents = YES;
				INFOPLIST_KEY_UILaunchStoryboardName = LaunchScreen;
				INFOPLIST_KEY_UIMainStoryboardFile = LoginSignUpView;
				INFOPLIST_KEY_UISupportedInterfaceOrientations_iPad = "UIInterfaceOrientationPortrait UIInterfaceOrientationPortraitUpsideDown UIInterfaceOrientationLandscapeLeft UIInterfaceOrientationLandscapeRight";
				INFOPLIST_KEY_UISupportedInterfaceOrientations_iPhone = "UIInterfaceOrientationPortrait UIInterfaceOrientationLandscapeLeft UIInterfaceOrientationLandscapeRight";
				LD_RUNPATH_SEARCH_PATHS = (
					"$(inherited)",
					"@executable_path/Frameworks",
				);
				MARKETING_VERSION = 1.0;
				PRODUCT_BUNDLE_IDENTIFIER = com.Iksang.Petwork;
				PRODUCT_NAME = "$(TARGET_NAME)";
				SWIFT_EMIT_LOC_STRINGS = YES;
				SWIFT_VERSION = 5.0;
				TARGETED_DEVICE_FAMILY = "1,2";
			};
			name = Release;
		};
/* End XCBuildConfiguration section */

/* Begin XCConfigurationList section */
		DD3B459028305AB1001D54AD /* Build configuration list for PBXProject "Petwork" */ = {
			isa = XCConfigurationList;
			buildConfigurations = (
				DD3B45A728305AB5001D54AD /* Debug */,
				DD3B45A828305AB5001D54AD /* Release */,
			);
			defaultConfigurationIsVisible = 0;
			defaultConfigurationName = Release;
		};
		DD3B45A928305AB5001D54AD /* Build configuration list for PBXNativeTarget "Petwork" */ = {
			isa = XCConfigurationList;
			buildConfigurations = (
				DD3B45AA28305AB5001D54AD /* Debug */,
				DD3B45AB28305AB5001D54AD /* Release */,
			);
			defaultConfigurationIsVisible = 0;
			defaultConfigurationName = Release;
		};
/* End XCConfigurationList section */
	};
	rootObject = DD3B458D28305AB1001D54AD /* Project object */;
}
